schema: '2.0'
stages:
  load_data:
    cmd: python src/load_data.py --config=params.yaml
    deps:
    - path: data_given/data.csv
      hash: md5
      md5: 984cd3fee6847e8327fe5a7ae46db4ca
      size: 93599
    - path: src/get_data.py
      hash: md5
      md5: 403ccc842d33b879f8047c5a0e10aec2
      size: 632
    - path: src/load_data.py
      hash: md5
      md5: 34a0776c237d26bee8605157fe00f070
      size: 654
    outs:
    - path: data/raw/data.csv
      hash: md5
      md5: 984cd3fee6847e8327fe5a7ae46db4ca
      size: 93599
  split_data:
    cmd: python src/split_data.py --config=params.yaml
    deps:
    - path: data/raw/data.csv
      hash: md5
      md5: 984cd3fee6847e8327fe5a7ae46db4ca
      size: 93599
    - path: src/split_data.py
      hash: md5
      md5: 02052babea6d97df2507df46105d9410
      size: 1049
    params:
      params.yaml:
        base.random_state: 42
        split_data.test_size: 0.2
    outs:
    - path: data/processed/test_data.csv
      hash: md5
      md5: ace262b3a99407d362bae28340a09722
      size: 18832
    - path: data/processed/train_data.csv
      hash: md5
      md5: f8702ef542a935837ca056a87b35379d
      size: 74914
  train_and_evaluate:
    cmd: python src/train_and_evaluate.py
    deps:
    - path: data/processed/train_data.csv
      hash: md5
      md5: f8702ef542a935837ca056a87b35379d
      size: 74914
    - path: data/processed/train_data.csv
      hash: md5
      md5: f8702ef542a935837ca056a87b35379d
      size: 74914
    - path: src/train_and_evaluate.py
      hash: md5
      md5: 925e545f50de2dea6ebb70d75ed939ed
      size: 2131
    params:
      params.yaml:
        estimators.ElasticNet.params.alpha: 0.9
        estimators.ElasticNet.params.l1_ratio: 0.4
    outs:
    - path: report/params.json
      hash: md5
      md5: 443ce921d72995d744e459d0213405d7
      size: 44
    - path: report/scores.json
      hash: md5
      md5: e551699c84b27b78fe997e227a27ed00
      size: 107
    - path: saved_models/model.joblib
      hash: md5
      md5: fb6cbee9382cdeb230e81bd972069762
      size: 1263
